// !$*UTF8*$!
{
	archiveVersion = 1;
	classes = {
	};
	objectVersion = 56;
	objects = {

/* Begin PBXBuildFile section */
		8C330D132B5611B700FC0632 /* AppDelegate.swift in Sources */ = {isa = PBXBuildFile; fileRef = 8C330D122B5611B700FC0632 /* AppDelegate.swift */; };
		8C330D152B5611B700FC0632 /* SceneDelegate.swift in Sources */ = {isa = PBXBuildFile; fileRef = 8C330D142B5611B700FC0632 /* SceneDelegate.swift */; };
		8C330D172B5611B700FC0632 /* YeonpagoViewController.swift in Sources */ = {isa = PBXBuildFile; fileRef = 8C330D162B5611B700FC0632 /* YeonpagoViewController.swift */; };
		8C330D1A2B5611B700FC0632 /* Main.storyboard in Resources */ = {isa = PBXBuildFile; fileRef = 8C330D182B5611B700FC0632 /* Main.storyboard */; };
		8C330D1C2B5611B800FC0632 /* Assets.xcassets in Resources */ = {isa = PBXBuildFile; fileRef = 8C330D1B2B5611B800FC0632 /* Assets.xcassets */; };
		8C330D1F2B5611B800FC0632 /* LaunchScreen.storyboard in Resources */ = {isa = PBXBuildFile; fileRef = 8C330D1D2B5611B800FC0632 /* LaunchScreen.storyboard */; };
		8C330D282B5611F300FC0632 /* Alamofire in Frameworks */ = {isa = PBXBuildFile; productRef = 8C330D272B5611F300FC0632 /* Alamofire */; };
		8C330D2A2B56126700FC0632 /* LottoViewController.swift in Sources */ = {isa = PBXBuildFile; fileRef = 8C330D292B56126700FC0632 /* LottoViewController.swift */; };
		8C330D2C2B56218E00FC0632 /* MarketViewController.swift in Sources */ = {isa = PBXBuildFile; fileRef = 8C330D2B2B56218E00FC0632 /* MarketViewController.swift */; };
		8C330D532B56578000FC0632 /* LottoAPIManager.swift in Sources */ = {isa = PBXBuildFile; fileRef = 8C330D522B56578000FC0632 /* LottoAPIManager.swift */; };
		8C76F8152B576AE600610FE6 /* BookViewController.swift in Sources */ = {isa = PBXBuildFile; fileRef = 8C76F8142B576AE600610FE6 /* BookViewController.swift */; };
		8C76F81A2B576C9600610FE6 /* .gitignore in Resources */ = {isa = PBXBuildFile; fileRef = 8C76F8192B576C9600610FE6 /* .gitignore */; };
		8C76F81C2B576D0600610FE6 /* APIKey.swift in Sources */ = {isa = PBXBuildFile; fileRef = 8C76F81B2B576D0600610FE6 /* APIKey.swift */; };
		8C76F8222B57A40600610FE6 /* LanguageTableViewController.swift in Sources */ = {isa = PBXBuildFile; fileRef = 8C76F8212B57A40600610FE6 /* LanguageTableViewController.swift */; };
		8C76F8242B57A5C600610FE6 /* LanguageTableViewCell.swift in Sources */ = {isa = PBXBuildFile; fileRef = 8C76F8232B57A5C600610FE6 /* LanguageTableViewCell.swift */; };
		8C76F8282B57ABB100610FE6 /* languageData.swift in Sources */ = {isa = PBXBuildFile; fileRef = 8C76F8272B57ABB100610FE6 /* languageData.swift */; };
		8C76F82B2B57B5B200610FE6 /* identifiable.swift in Sources */ = {isa = PBXBuildFile; fileRef = 8C76F82A2B57B5B200610FE6 /* identifiable.swift */; };
		8C76F8312B57D48000610FE6 /* BookCollectionViewCell.swift in Sources */ = {isa = PBXBuildFile; fileRef = 8C76F8302B57D48000610FE6 /* BookCollectionViewCell.swift */; };
		8C76F8342B57DE7900610FE6 /* Kingfisher in Frameworks */ = {isa = PBXBuildFile; productRef = 8C76F8332B57DE7900610FE6 /* Kingfisher */; };
		8C76F8372B57E54C00610FE6 /* BookModel.swift in Sources */ = {isa = PBXBuildFile; fileRef = 8C76F8362B57E54C00610FE6 /* BookModel.swift */; };
		8C76F83A2B57E82200610FE6 /* YeonpagoModel.swift in Sources */ = {isa = PBXBuildFile; fileRef = 8C76F8392B57E82200610FE6 /* YeonpagoModel.swift */; };
/* End PBXBuildFile section */

/* Begin PBXFileReference section */
		8C330D0F2B5611B700FC0632 /* SESAC-Network.app */ = {isa = PBXFileReference; explicitFileType = wrapper.application; includeInIndex = 0; path = "SESAC-Network.app"; sourceTree = BUILT_PRODUCTS_DIR; };
		8C330D122B5611B700FC0632 /* AppDelegate.swift */ = {isa = PBXFileReference; lastKnownFileType = sourcecode.swift; path = AppDelegate.swift; sourceTree = "<group>"; };
		8C330D142B5611B700FC0632 /* SceneDelegate.swift */ = {isa = PBXFileReference; lastKnownFileType = sourcecode.swift; path = SceneDelegate.swift; sourceTree = "<group>"; };
		8C330D162B5611B700FC0632 /* YeonpagoViewController.swift */ = {isa = PBXFileReference; lastKnownFileType = sourcecode.swift; path = YeonpagoViewController.swift; sourceTree = "<group>"; };
		8C330D192B5611B700FC0632 /* Base */ = {isa = PBXFileReference; lastKnownFileType = file.storyboard; name = Base; path = Base.lproj/Main.storyboard; sourceTree = "<group>"; };
		8C330D1B2B5611B800FC0632 /* Assets.xcassets */ = {isa = PBXFileReference; lastKnownFileType = folder.assetcatalog; path = Assets.xcassets; sourceTree = "<group>"; };
		8C330D1E2B5611B800FC0632 /* Base */ = {isa = PBXFileReference; lastKnownFileType = file.storyboard; name = Base; path = Base.lproj/LaunchScreen.storyboard; sourceTree = "<group>"; };
		8C330D202B5611B800FC0632 /* Info.plist */ = {isa = PBXFileReference; lastKnownFileType = text.plist.xml; path = Info.plist; sourceTree = "<group>"; };
		8C330D292B56126700FC0632 /* LottoViewController.swift */ = {isa = PBXFileReference; lastKnownFileType = sourcecode.swift; path = LottoViewController.swift; sourceTree = "<group>"; };
		8C330D2B2B56218E00FC0632 /* MarketViewController.swift */ = {isa = PBXFileReference; lastKnownFileType = sourcecode.swift; path = MarketViewController.swift; sourceTree = "<group>"; };
		8C330D522B56578000FC0632 /* LottoAPIManager.swift */ = {isa = PBXFileReference; lastKnownFileType = sourcecode.swift; path = LottoAPIManager.swift; sourceTree = "<group>"; };
		8C76F8142B576AE600610FE6 /* BookViewController.swift */ = {isa = PBXFileReference; lastKnownFileType = sourcecode.swift; path = BookViewController.swift; sourceTree = "<group>"; };
		8C76F8192B576C9600610FE6 /* .gitignore */ = {isa = PBXFileReference; lastKnownFileType = text; path = .gitignore; sourceTree = "<group>"; };
		8C76F81B2B576D0600610FE6 /* APIKey.swift */ = {isa = PBXFileReference; lastKnownFileType = sourcecode.swift; path = APIKey.swift; sourceTree = "<group>"; };
		8C76F8212B57A40600610FE6 /* LanguageTableViewController.swift */ = {isa = PBXFileReference; lastKnownFileType = sourcecode.swift; path = LanguageTableViewController.swift; sourceTree = "<group>"; };
		8C76F8232B57A5C600610FE6 /* LanguageTableViewCell.swift */ = {isa = PBXFileReference; lastKnownFileType = sourcecode.swift; path = LanguageTableViewCell.swift; sourceTree = "<group>"; };
		8C76F8272B57ABB100610FE6 /* languageData.swift */ = {isa = PBXFileReference; lastKnownFileType = sourcecode.swift; path = languageData.swift; sourceTree = "<group>"; };
		8C76F82A2B57B5B200610FE6 /* identifiable.swift */ = {isa = PBXFileReference; lastKnownFileType = sourcecode.swift; path = identifiable.swift; sourceTree = "<group>"; };
		8C76F8302B57D48000610FE6 /* BookCollectionViewCell.swift */ = {isa = PBXFileReference; lastKnownFileType = sourcecode.swift; path = BookCollectionViewCell.swift; sourceTree = "<group>"; };
		8C76F8362B57E54C00610FE6 /* BookModel.swift */ = {isa = PBXFileReference; lastKnownFileType = sourcecode.swift; path = BookModel.swift; sourceTree = "<group>"; };
		8C76F8392B57E82200610FE6 /* YeonpagoModel.swift */ = {isa = PBXFileReference; lastKnownFileType = sourcecode.swift; path = YeonpagoModel.swift; sourceTree = "<group>"; };
/* End PBXFileReference section */

/* Begin PBXFrameworksBuildPhase section */
		8C330D0C2B5611B700FC0632 /* Frameworks */ = {
			isa = PBXFrameworksBuildPhase;
			buildActionMask = 2147483647;
			files = (
				8C76F8342B57DE7900610FE6 /* Kingfisher in Frameworks */,
				8C330D282B5611F300FC0632 /* Alamofire in Frameworks */,
			);
			runOnlyForDeploymentPostprocessing = 0;
		};
/* End PBXFrameworksBuildPhase section */

/* Begin PBXGroup section */
		8C330D062B5611B700FC0632 = {
			isa = PBXGroup;
			children = (
				8C76F8192B576C9600610FE6 /* .gitignore */,
				8C330D112B5611B700FC0632 /* SESAC-Network */,
				8C330D102B5611B700FC0632 /* Products */,
			);
			sourceTree = "<group>";
		};
		8C330D102B5611B700FC0632 /* Products */ = {
			isa = PBXGroup;
			children = (
				8C330D0F2B5611B700FC0632 /* SESAC-Network.app */,
			);
			name = Products;
			sourceTree = "<group>";
		};
		8C330D112B5611B700FC0632 /* SESAC-Network */ = {
			isa = PBXGroup;
			children = (
				8C330D1B2B5611B800FC0632 /* Assets.xcassets */,
				8C330D1D2B5611B800FC0632 /* LaunchScreen.storyboard */,
				8C330D202B5611B800FC0632 /* Info.plist */,
				8C76F8202B57A3D700610FE6 /* Delegates */,
				8C76F8292B57B5A400610FE6 /* Protocol */,
				8C330D182B5611B700FC0632 /* Main.storyboard */,
				8C76F82E2B57C40E00610FE6 /* Book */,
				8C76F8252B57A90700610FE6 /* Yeonpago */,
				8C76F82F2B57C42000610FE6 /* Market */,
				8C76F82D2B57C3FB00610FE6 /* Lotto */,
				8C76F81B2B576D0600610FE6 /* APIKey.swift */,
			);
			path = "SESAC-Network";
			sourceTree = "<group>";
		};
		8C76F8202B57A3D700610FE6 /* Delegates */ = {
			isa = PBXGroup;
			children = (
				8C330D122B5611B700FC0632 /* AppDelegate.swift */,
				8C330D142B5611B700FC0632 /* SceneDelegate.swift */,
			);
			path = Delegates;
			sourceTree = "<group>";
		};
		8C76F8252B57A90700610FE6 /* Yeonpago */ = {
			isa = PBXGroup;
			children = (
				8C76F8382B57E81900610FE6 /* Model */,
				8C76F8262B57ABA500610FE6 /* Data */,
				8C330D162B5611B700FC0632 /* YeonpagoViewController.swift */,
				8C76F8212B57A40600610FE6 /* LanguageTableViewController.swift */,
				8C76F8232B57A5C600610FE6 /* LanguageTableViewCell.swift */,
			);
			path = Yeonpago;
			sourceTree = "<group>";
		};
		8C76F8262B57ABA500610FE6 /* Data */ = {
			isa = PBXGroup;
			children = (
				8C76F8272B57ABB100610FE6 /* languageData.swift */,
			);
			path = Data;
			sourceTree = "<group>";
		};
		8C76F8292B57B5A400610FE6 /* Protocol */ = {
			isa = PBXGroup;
			children = (
				8C76F82A2B57B5B200610FE6 /* identifiable.swift */,
			);
			path = Protocol;
			sourceTree = "<group>";
		};
		8C76F82D2B57C3FB00610FE6 /* Lotto */ = {
			isa = PBXGroup;
			children = (
				8C330D522B56578000FC0632 /* LottoAPIManager.swift */,
				8C330D292B56126700FC0632 /* LottoViewController.swift */,
			);
			path = Lotto;
			sourceTree = "<group>";
		};
		8C76F82E2B57C40E00610FE6 /* Book */ = {
			isa = PBXGroup;
			children = (
				8C76F8352B57E53A00610FE6 /* Model */,
				8C76F8142B576AE600610FE6 /* BookViewController.swift */,
				8C76F8302B57D48000610FE6 /* BookCollectionViewCell.swift */,
			);
			path = Book;
			sourceTree = "<group>";
		};
		8C76F82F2B57C42000610FE6 /* Market */ = {
			isa = PBXGroup;
			children = (
				8C330D2B2B56218E00FC0632 /* MarketViewController.swift */,
			);
			path = Market;
			sourceTree = "<group>";
		};
		8C76F8352B57E53A00610FE6 /* Model */ = {
			isa = PBXGroup;
			children = (
				8C76F8362B57E54C00610FE6 /* BookModel.swift */,
			);
			path = Model;
			sourceTree = "<group>";
		};
		8C76F8382B57E81900610FE6 /* Model */ = {
			isa = PBXGroup;
			children = (
				8C76F8392B57E82200610FE6 /* YeonpagoModel.swift */,
			);
			path = Model;
			sourceTree = "<group>";
		};
/* End PBXGroup section */

/* Begin PBXNativeTarget section */
		8C330D0E2B5611B700FC0632 /* SESAC-Network */ = {
			isa = PBXNativeTarget;
			buildConfigurationList = 8C330D232B5611B800FC0632 /* Build configuration list for PBXNativeTarget "SESAC-Network" */;
			buildPhases = (
				8C330D0B2B5611B700FC0632 /* Sources */,
				8C330D0C2B5611B700FC0632 /* Frameworks */,
				8C330D0D2B5611B700FC0632 /* Resources */,
			);
			buildRules = (
			);
			dependencies = (
			);
			name = "SESAC-Network";
			packageProductDependencies = (
				8C330D272B5611F300FC0632 /* Alamofire */,
				8C76F8332B57DE7900610FE6 /* Kingfisher */,
			);
			productName = "SESAC-Network";
			productReference = 8C330D0F2B5611B700FC0632 /* SESAC-Network.app */;
			productType = "com.apple.product-type.application";
		};
/* End PBXNativeTarget section */

/* Begin PBXProject section */
		8C330D072B5611B700FC0632 /* Project object */ = {
			isa = PBXProject;
			attributes = {
				BuildIndependentTargetsInParallel = 1;
				LastSwiftUpdateCheck = 1520;
				LastUpgradeCheck = 1520;
				TargetAttributes = {
					8C330D0E2B5611B700FC0632 = {
						CreatedOnToolsVersion = 15.2;
					};
				};
			};
			buildConfigurationList = 8C330D0A2B5611B700FC0632 /* Build configuration list for PBXProject "SESAC-Network" */;
			compatibilityVersion = "Xcode 14.0";
			developmentRegion = en;
			hasScannedForEncodings = 0;
			knownRegions = (
				en,
				Base,
			);
			mainGroup = 8C330D062B5611B700FC0632;
			packageReferences = (
				8C330D262B5611F300FC0632 /* XCRemoteSwiftPackageReference "Alamofire" */,
				8C76F8322B57DE7900610FE6 /* XCRemoteSwiftPackageReference "Kingfisher" */,
			);
			productRefGroup = 8C330D102B5611B700FC0632 /* Products */;
			projectDirPath = "";
			projectRoot = "";
			targets = (
				8C330D0E2B5611B700FC0632 /* SESAC-Network */,
			);
		};
/* End PBXProject section */

/* Begin PBXResourcesBuildPhase section */
		8C330D0D2B5611B700FC0632 /* Resources */ = {
			isa = PBXResourcesBuildPhase;
			buildActionMask = 2147483647;
			files = (
				8C76F81A2B576C9600610FE6 /* .gitignore in Resources */,
				8C330D1F2B5611B800FC0632 /* LaunchScreen.storyboard in Resources */,
				8C330D1C2B5611B800FC0632 /* Assets.xcassets in Resources */,
				8C330D1A2B5611B700FC0632 /* Main.storyboard in Resources */,
			);
			runOnlyForDeploymentPostprocessing = 0;
		};
/* End PBXResourcesBuildPhase section */

/* Begin PBXSourcesBuildPhase section */
		8C330D0B2B5611B700FC0632 /* Sources */ = {
			isa = PBXSourcesBuildPhase;
			buildActionMask = 2147483647;
			files = (
				8C76F83A2B57E82200610FE6 /* YeonpagoModel.swift in Sources */,
				8C330D172B5611B700FC0632 /* YeonpagoViewController.swift in Sources */,
				8C76F8312B57D48000610FE6 /* BookCollectionViewCell.swift in Sources */,
				8C76F82B2B57B5B200610FE6 /* identifiable.swift in Sources */,
				8C76F8282B57ABB100610FE6 /* languageData.swift in Sources */,
				8C330D2A2B56126700FC0632 /* LottoViewController.swift in Sources */,
				8C76F8222B57A40600610FE6 /* LanguageTableViewController.swift in Sources */,
				8C76F81C2B576D0600610FE6 /* APIKey.swift in Sources */,
				8C76F8372B57E54C00610FE6 /* BookModel.swift in Sources */,
				8C330D2C2B56218E00FC0632 /* MarketViewController.swift in Sources */,
				8C76F8242B57A5C600610FE6 /* LanguageTableViewCell.swift in Sources */,
				8C76F8152B576AE600610FE6 /* BookViewController.swift in Sources */,
				8C330D132B5611B700FC0632 /* AppDelegate.swift in Sources */,
				8C330D152B5611B700FC0632 /* SceneDelegate.swift in Sources */,
				8C330D532B56578000FC0632 /* LottoAPIManager.swift in Sources */,
			);
			runOnlyForDeploymentPostprocessing = 0;
		};
/* End PBXSourcesBuildPhase section */

/* Begin PBXVariantGroup section */
		8C330D182B5611B700FC0632 /* Main.storyboard */ = {
			isa = PBXVariantGroup;
			children = (
				8C330D192B5611B700FC0632 /* Base */,
			);
			name = Main.storyboard;
			sourceTree = "<group>";
		};
		8C330D1D2B5611B800FC0632 /* LaunchScreen.storyboard */ = {
			isa = PBXVariantGroup;
			children = (
				8C330D1E2B5611B800FC0632 /* Base */,
			);
			name = LaunchScreen.storyboard;
			sourceTree = "<group>";
		};
/* End PBXVariantGroup section */

/* Begin XCBuildConfiguration section */
		8C330D212B5611B800FC0632 /* Debug */ = {
			isa = XCBuildConfiguration;
			buildSettings = {
				ALWAYS_SEARCH_USER_PATHS = NO;
				ASSETCATALOG_COMPILER_GENERATE_SWIFT_ASSET_SYMBOL_EXTENSIONS = YES;
				CLANG_ANALYZER_NONNULL = YES;
				CLANG_ANALYZER_NUMBER_OBJECT_CONVERSION = YES_AGGRESSIVE;
				CLANG_CXX_LANGUAGE_STANDARD = "gnu++20";
				CLANG_ENABLE_MODULES = YES;
				CLANG_ENABLE_OBJC_ARC = YES;
				CLANG_ENABLE_OBJC_WEAK = YES;
				CLANG_WARN_BLOCK_CAPTURE_AUTORELEASING = YES;
				CLANG_WARN_BOOL_CONVERSION = YES;
				CLANG_WARN_COMMA = YES;
				CLANG_WARN_CONSTANT_CONVERSION = YES;
				CLANG_WARN_DEPRECATED_OBJC_IMPLEMENTATIONS = YES;
				CLANG_WARN_DIRECT_OBJC_ISA_USAGE = YES_ERROR;
				CLANG_WARN_DOCUMENTATION_COMMENTS = YES;
				CLANG_WARN_EMPTY_BODY = YES;
				CLANG_WARN_ENUM_CONVERSION = YES;
				CLANG_WARN_INFINITE_RECURSION = YES;
				CLANG_WARN_INT_CONVERSION = YES;
				CLANG_WARN_NON_LITERAL_NULL_CONVERSION = YES;
				CLANG_WARN_OBJC_IMPLICIT_RETAIN_SELF = YES;
				CLANG_WARN_OBJC_LITERAL_CONVERSION = YES;
				CLANG_WARN_OBJC_ROOT_CLASS = YES_ERROR;
				CLANG_WARN_QUOTED_INCLUDE_IN_FRAMEWORK_HEADER = YES;
				CLANG_WARN_RANGE_LOOP_ANALYSIS = YES;
				CLANG_WARN_STRICT_PROTOTYPES = YES;
				CLANG_WARN_SUSPICIOUS_MOVE = YES;
				CLANG_WARN_UNGUARDED_AVAILABILITY = YES_AGGRESSIVE;
				CLANG_WARN_UNREACHABLE_CODE = YES;
				CLANG_WARN__DUPLICATE_METHOD_MATCH = YES;
				COPY_PHASE_STRIP = NO;
				DEBUG_INFORMATION_FORMAT = dwarf;
				ENABLE_STRICT_OBJC_MSGSEND = YES;
				ENABLE_TESTABILITY = YES;
				ENABLE_USER_SCRIPT_SANDBOXING = YES;
				GCC_C_LANGUAGE_STANDARD = gnu17;
				GCC_DYNAMIC_NO_PIC = NO;
				GCC_NO_COMMON_BLOCKS = YES;
				GCC_OPTIMIZATION_LEVEL = 0;
				GCC_PREPROCESSOR_DEFINITIONS = (
					"DEBUG=1",
					"$(inherited)",
				);
				GCC_WARN_64_TO_32_BIT_CONVERSION = YES;
				GCC_WARN_ABOUT_RETURN_TYPE = YES_ERROR;
				GCC_WARN_UNDECLARED_SELECTOR = YES;
				GCC_WARN_UNINITIALIZED_AUTOS = YES_AGGRESSIVE;
				GCC_WARN_UNUSED_FUNCTION = YES;
				GCC_WARN_UNUSED_VARIABLE = YES;
				IPHONEOS_DEPLOYMENT_TARGET = 17.2;
				LOCALIZATION_PREFERS_STRING_CATALOGS = YES;
				MTL_ENABLE_DEBUG_INFO = INCLUDE_SOURCE;
				MTL_FAST_MATH = YES;
				ONLY_ACTIVE_ARCH = YES;
				SDKROOT = iphoneos;
				SWIFT_ACTIVE_COMPILATION_CONDITIONS = "DEBUG $(inherited)";
				SWIFT_OPTIMIZATION_LEVEL = "-Onone";
			};
			name = Debug;
		};
		8C330D222B5611B800FC0632 /* Release */ = {
			isa = XCBuildConfiguration;
			buildSettings = {
				ALWAYS_SEARCH_USER_PATHS = NO;
				ASSETCATALOG_COMPILER_GENERATE_SWIFT_ASSET_SYMBOL_EXTENSIONS = YES;
				CLANG_ANALYZER_NONNULL = YES;
				CLANG_ANALYZER_NUMBER_OBJECT_CONVERSION = YES_AGGRESSIVE;
				CLANG_CXX_LANGUAGE_STANDARD = "gnu++20";
				CLANG_ENABLE_MODULES = YES;
				CLANG_ENABLE_OBJC_ARC = YES;
				CLANG_ENABLE_OBJC_WEAK = YES;
				CLANG_WARN_BLOCK_CAPTURE_AUTORELEASING = YES;
				CLANG_WARN_BOOL_CONVERSION = YES;
				CLANG_WARN_COMMA = YES;
				CLANG_WARN_CONSTANT_CONVERSION = YES;
				CLANG_WARN_DEPRECATED_OBJC_IMPLEMENTATIONS = YES;
				CLANG_WARN_DIRECT_OBJC_ISA_USAGE = YES_ERROR;
				CLANG_WARN_DOCUMENTATION_COMMENTS = YES;
				CLANG_WARN_EMPTY_BODY = YES;
				CLANG_WARN_ENUM_CONVERSION = YES;
				CLANG_WARN_INFINITE_RECURSION = YES;
				CLANG_WARN_INT_CONVERSION = YES;
				CLANG_WARN_NON_LITERAL_NULL_CONVERSION = YES;
				CLANG_WARN_OBJC_IMPLICIT_RETAIN_SELF = YES;
				CLANG_WARN_OBJC_LITERAL_CONVERSION = YES;
				CLANG_WARN_OBJC_ROOT_CLASS = YES_ERROR;
				CLANG_WARN_QUOTED_INCLUDE_IN_FRAMEWORK_HEADER = YES;
				CLANG_WARN_RANGE_LOOP_ANALYSIS = YES;
				CLANG_WARN_STRICT_PROTOTYPES = YES;
				CLANG_WARN_SUSPICIOUS_MOVE = YES;
				CLANG_WARN_UNGUARDED_AVAILABILITY = YES_AGGRESSIVE;
				CLANG_WARN_UNREACHABLE_CODE = YES;
				CLANG_WARN__DUPLICATE_METHOD_MATCH = YES;
				COPY_PHASE_STRIP = NO;
				DEBUG_INFORMATION_FORMAT = "dwarf-with-dsym";
				ENABLE_NS_ASSERTIONS = NO;
				ENABLE_STRICT_OBJC_MSGSEND = YES;
				ENABLE_USER_SCRIPT_SANDBOXING = YES;
				GCC_C_LANGUAGE_STANDARD = gnu17;
				GCC_NO_COMMON_BLOCKS = YES;
				GCC_WARN_64_TO_32_BIT_CONVERSION = YES;
				GCC_WARN_ABOUT_RETURN_TYPE = YES_ERROR;
				GCC_WARN_UNDECLARED_SELECTOR = YES;
				GCC_WARN_UNINITIALIZED_AUTOS = YES_AGGRESSIVE;
				GCC_WARN_UNUSED_FUNCTION = YES;
				GCC_WARN_UNUSED_VARIABLE = YES;
				IPHONEOS_DEPLOYMENT_TARGET = 17.2;
				LOCALIZATION_PREFERS_STRING_CATALOGS = YES;
				MTL_ENABLE_DEBUG_INFO = NO;
				MTL_FAST_MATH = YES;
				SDKROOT = iphoneos;
				SWIFT_COMPILATION_MODE = wholemodule;
				VALIDATE_PRODUCT = YES;
			};
			name = Release;
		};
		8C330D242B5611B800FC0632 /* Debug */ = {
			isa = XCBuildConfiguration;
			buildSettings = {
				ASSETCATALOG_COMPILER_APPICON_NAME = AppIcon;
				ASSETCATALOG_COMPILER_GLOBAL_ACCENT_COLOR_NAME = AccentColor;
				CODE_SIGN_STYLE = Automatic;
				CURRENT_PROJECT_VERSION = 1;
				DEVELOPMENT_TEAM = WZ7JVY478C;
				GENERATE_INFOPLIST_FILE = YES;
				INFOPLIST_FILE = "SESAC-Network/Info.plist";
				INFOPLIST_KEY_UIApplicationSupportsIndirectInputEvents = YES;
				INFOPLIST_KEY_UILaunchStoryboardName = LaunchScreen;
				INFOPLIST_KEY_UIMainStoryboardFile = Main;
				INFOPLIST_KEY_UISupportedInterfaceOrientations_iPad = "UIInterfaceOrientationPortrait UIInterfaceOrientationPortraitUpsideDown UIInterfaceOrientationLandscapeLeft UIInterfaceOrientationLandscapeRight";
				INFOPLIST_KEY_UISupportedInterfaceOrientations_iPhone = "UIInterfaceOrientationPortrait UIInterfaceOrientationLandscapeLeft UIInterfaceOrientationLandscapeRight";
				LD_RUNPATH_SEARCH_PATHS = (
					"$(inherited)",
					"@executable_path/Frameworks",
				);
				MARKETING_VERSION = 1.0;
				PRODUCT_BUNDLE_IDENTIFIER = "com.seryunchun.SESAC-Network";
				PRODUCT_NAME = "$(TARGET_NAME)";
				SUPPORTED_PLATFORMS = "iphoneos iphonesimulator";
				SUPPORTS_MACCATALYST = NO;
				SUPPORTS_MAC_DESIGNED_FOR_IPHONE_IPAD = NO;
				SUPPORTS_XR_DESIGNED_FOR_IPHONE_IPAD = NO;
				SWIFT_EMIT_LOC_STRINGS = YES;
				SWIFT_VERSION = 5.0;
				TARGETED_DEVICE_FAMILY = 1;
			};
			name = Debug;
		};
		8C330D252B5611B800FC0632 /* Release */ = {
			isa = XCBuildConfiguration;
			buildSettings = {
				ASSETCATALOG_COMPILER_APPICON_NAME = AppIcon;
				ASSETCATALOG_COMPILER_GLOBAL_ACCENT_COLOR_NAME = AccentColor;
				CODE_SIGN_STYLE = Automatic;
				CURRENT_PROJECT_VERSION = 1;
				DEVELOPMENT_TEAM = WZ7JVY478C;
				GENERATE_INFOPLIST_FILE = YES;
				INFOPLIST_FILE = "SESAC-Network/Info.plist";
				INFOPLIST_KEY_UIApplicationSupportsIndirectInputEvents = YES;
				INFOPLIST_KEY_UILaunchStoryboardName = LaunchScreen;
				INFOPLIST_KEY_UIMainStoryboardFile = Main;
				INFOPLIST_KEY_UISupportedInterfaceOrientations_iPad = "UIInterfaceOrientationPortrait UIInterfaceOrientationPortraitUpsideDown UIInterfaceOrientationLandscapeLeft UIInterfaceOrientationLandscapeRight";
				INFOPLIST_KEY_UISupportedInterfaceOrientations_iPhone = "UIInterfaceOrientationPortrait UIInterfaceOrientationLandscapeLeft UIInterfaceOrientationLandscapeRight";
				LD_RUNPATH_SEARCH_PATHS = (
					"$(inherited)",
					"@executable_path/Frameworks",
				);
				MARKETING_VERSION = 1.0;
				PRODUCT_BUNDLE_IDENTIFIER = "com.seryunchun.SESAC-Network";
				PRODUCT_NAME = "$(TARGET_NAME)";
				SUPPORTED_PLATFORMS = "iphoneos iphonesimulator";
				SUPPORTS_MACCATALYST = NO;
				SUPPORTS_MAC_DESIGNED_FOR_IPHONE_IPAD = NO;
				SUPPORTS_XR_DESIGNED_FOR_IPHONE_IPAD = NO;
				SWIFT_EMIT_LOC_STRINGS = YES;
				SWIFT_VERSION = 5.0;
				TARGETED_DEVICE_FAMILY = 1;
			};
			name = Release;
		};
/* End XCBuildConfiguration section */

/* Begin XCConfigurationList section */
		8C330D0A2B5611B700FC0632 /* Build configuration list for PBXProject "SESAC-Network" */ = {
			isa = XCConfigurationList;
			buildConfigurations = (
				8C330D212B5611B800FC0632 /* Debug */,
				8C330D222B5611B800FC0632 /* Release */,
			);
			defaultConfigurationIsVisible = 0;
			defaultConfigurationName = Release;
		};
		8C330D232B5611B800FC0632 /* Build configuration list for PBXNativeTarget "SESAC-Network" */ = {
			isa = XCConfigurationList;
			buildConfigurations = (
				8C330D242B5611B800FC0632 /* Debug */,
				8C330D252B5611B800FC0632 /* Release */,
			);
			defaultConfigurationIsVisible = 0;
			defaultConfigurationName = Release;
		};
/* End XCConfigurationList section */

/* Begin XCRemoteSwiftPackageReference section */
		8C330D262B5611F300FC0632 /* XCRemoteSwiftPackageReference "Alamofire" */ = {
			isa = XCRemoteSwiftPackageReference;
			repositoryURL = "https://github.com/Alamofire/Alamofire";
			requirement = {
				kind = upToNextMajorVersion;
				minimumVersion = 5.8.1;
			};
		};
		8C76F8322B57DE7900610FE6 /* XCRemoteSwiftPackageReference "Kingfisher" */ = {
			isa = XCRemoteSwiftPackageReference;
			repositoryURL = "https://github.com/onevcat/Kingfisher.git";
			requirement = {
				kind = upToNextMajorVersion;
				minimumVersion = 7.10.2;
			};
		};
/* End XCRemoteSwiftPackageReference section */

/* Begin XCSwiftPackageProductDependency section */
		8C330D272B5611F300FC0632 /* Alamofire */ = {
			isa = XCSwiftPackageProductDependency;
			package = 8C330D262B5611F300FC0632 /* XCRemoteSwiftPackageReference "Alamofire" */;
			productName = Alamofire;
		};
		8C76F8332B57DE7900610FE6 /* Kingfisher */ = {
			isa = XCSwiftPackageProductDependency;
			package = 8C76F8322B57DE7900610FE6 /* XCRemoteSwiftPackageReference "Kingfisher" */;
			productName = Kingfisher;
		};
/* End XCSwiftPackageProductDependency section */
	};
	rootObject = 8C330D072B5611B700FC0632 /* Project object */;
}
